
Microsoft Visual Studio Solution File, Format Version 12.00
# Visual Studio 15
VisualStudioVersion = 15.0.27428.2037
MinimumVisualStudioVersion = 10.0.40219.1
Project("{2150E333-8FDC-42A3-9474-1A3956D46DE8}") = "Cpp.Path", "Cpp.Path", "{547103AD-D126-4A54-AFF8-564B131170C0}"
EndProject
Project("{2150E333-8FDC-42A3-9474-1A3956D46DE8}") = "Mvc5.Path", "Mvc5.Path", "{AEA7BB94-6462-405F-BD5A-E823D727B6FA}"
EndProject
Project("{FAE04EC0-301F-11D3-BF4B-00C04F79EFBC}") = "OwinPipelineDemo", "Mvc5.Path\OwinPipelineDemo\OwinPipelineDemo.csproj", "{589DE0AF-7AA1-428D-AC5E-CC12A185CB8A}"
EndProject
Global
	GlobalSection(SolutionConfigurationPlatforms) = preSolution
		Debug|Any CPU = Debug|Any CPU
		Release|Any CPU = Release|Any CPU
	EndGlobalSection
	GlobalSection(ProjectConfigurationPlatforms) = postSolution
		{589DE0AF-7AA1-428D-AC5E-CC12A185CB8A}.Debug|Any CPU.ActiveCfg = Debug|Any CPU
		{589DE0AF-7AA1-428D-AC5E-CC12A185CB8A}.Debug|Any CPU.Build.0 = Debug|Any CPU
		{589DE0AF-7AA1-428D-AC5E-CC12A185CB8A}.Release|Any CPU.ActiveCfg = Release|Any CPU
		{589DE0AF-7AA1-428D-AC5E-CC12A185CB8A}.Release|Any CPU.Build.0 = Release|Any CPU
	EndGlobalSection
	GlobalSection(SolutionProperties) = preSolution
		HideSolutionNode = FALSE
	EndGlobalSection
	GlobalSection(NestedProjects) = preSolution
		{589DE0AF-7AA1-428D-AC5E-CC12A185CB8A} = {AEA7BB94-6462-405F-BD5A-E823D727B6FA}
	EndGlobalSection
	GlobalSection(ExtensibilityGlobals) = postSolution
		SolutionGuid = {80769CE0-18CF-4A34-87BB-5D6E7B5026C0}
	EndGlobalSection
EndGlobal
